
Microsoft Visual Studio Solution File, Format Version 12.00
# Visual Studio Version 17
VisualStudioVersion = 17.9.34616.47
MinimumVisualStudioVersion = 10.0.40219.1
Project("{FAE04EC0-301F-11D3-BF4B-00C04F79EFBC}") = "electro-swing-radio", "electro-swing-radio\electro-swing-radio.csproj", "{7D98F404-F64F-4608-825F-AC8152B0EAFC}"
EndProject
Global
	GlobalSection(SolutionConfigurationPlatforms) = preSolution
		Debug|Any CPU = Debug|Any CPU
		Release|Any CPU = Release|Any CPU
	EndGlobalSection
	GlobalSection(ProjectConfigurationPlatforms) = postSolution
		{7D98F404-F64F-4608-825F-AC8152B0EAFC}.Debug|Any CPU.ActiveCfg = Debug|Any CPU
		{7D98F404-F64F-4608-825F-AC8152B0EAFC}.Debug|Any CPU.Build.0 = Debug|Any CPU
		{7D98F404-F64F-4608-825F-AC8152B0EAFC}.Release|Any CPU.ActiveCfg = Release|Any CPU
		{7D98F404-F64F-4608-825F-AC8152B0EAFC}.Release|Any CPU.Build.0 = Release|Any CPU
	EndGlobalSection
	GlobalSection(SolutionProperties) = preSolution
		HideSolutionNode = FALSE
	EndGlobalSection
	GlobalSection(ExtensibilityGlobals) = postSolution
		SolutionGuid = {02C14B7D-24F4-43A8-A867-D6120CBBCE69}
	EndGlobalSection
EndGlobal
